
Microsoft Visual Studio Solution File, Format Version 12.00
# Visual Studio Version 16
VisualStudioVersion = 16.0.33130.400
MinimumVisualStudioVersion = 10.0.40219.1
Project("{FAE04EC0-301F-11D3-BF4B-00C04F79EFBC}") = "Power distribution system", "Power distribution system.csproj", "{8BC84417-4D4B-436B-8285-698B5D13D8C1}"
EndProject
Project("{FAE04EC0-301F-11D3-BF4B-00C04F79EFBC}") = "Consumer", "..\Consumer\Consumer.csproj", "{5977BC54-E5CD-4724-9116-0ADC9E3C0EE9}"
EndProject
Project("{FAE04EC0-301F-11D3-BF4B-00C04F79EFBC}") = "Distribution centar", "..\Distribution centar\Distribution centar.csproj", "{3991DF07-3FC7-4468-8D4B-EDD87683F932}"
EndProject
Project("{FAE04EC0-301F-11D3-BF4B-00C04F79EFBC}") = "Hydroelectric power plant", "..\Hydroelectric power plant\Hydroelectric power plant.csproj", "{5649568B-D4E4-43C3-BDE1-AC87053D5F40}"
EndProject
Project("{FAE04EC0-301F-11D3-BF4B-00C04F79EFBC}") = "Solar panels and  wind generators", "..\Solar panels and  wind generators\Solar panels and  wind generators.csproj", "{65C9A14B-6721-4BA2-A412-3A1991A9AD3A}"
EndProject
Global
	GlobalSection(SolutionConfigurationPlatforms) = preSolution
		Debug|Any CPU = Debug|Any CPU
		Release|Any CPU = Release|Any CPU
	EndGlobalSection
	GlobalSection(ProjectConfigurationPlatforms) = postSolution
		{8BC84417-4D4B-436B-8285-698B5D13D8C1}.Debug|Any CPU.ActiveCfg = Debug|Any CPU
		{8BC84417-4D4B-436B-8285-698B5D13D8C1}.Debug|Any CPU.Build.0 = Debug|Any CPU
		{8BC84417-4D4B-436B-8285-698B5D13D8C1}.Release|Any CPU.ActiveCfg = Release|Any CPU
		{8BC84417-4D4B-436B-8285-698B5D13D8C1}.Release|Any CPU.Build.0 = Release|Any CPU
		{5977BC54-E5CD-4724-9116-0ADC9E3C0EE9}.Debug|Any CPU.ActiveCfg = Debug|Any CPU
		{5977BC54-E5CD-4724-9116-0ADC9E3C0EE9}.Debug|Any CPU.Build.0 = Debug|Any CPU
		{5977BC54-E5CD-4724-9116-0ADC9E3C0EE9}.Release|Any CPU.ActiveCfg = Release|Any CPU
		{5977BC54-E5CD-4724-9116-0ADC9E3C0EE9}.Release|Any CPU.Build.0 = Release|Any CPU
		{3991DF07-3FC7-4468-8D4B-EDD87683F932}.Debug|Any CPU.ActiveCfg = Debug|Any CPU
		{3991DF07-3FC7-4468-8D4B-EDD87683F932}.Debug|Any CPU.Build.0 = Debug|Any CPU
		{3991DF07-3FC7-4468-8D4B-EDD87683F932}.Release|Any CPU.ActiveCfg = Release|Any CPU
		{3991DF07-3FC7-4468-8D4B-EDD87683F932}.Release|Any CPU.Build.0 = Release|Any CPU
		{5649568B-D4E4-43C3-BDE1-AC87053D5F40}.Debug|Any CPU.ActiveCfg = Debug|Any CPU
		{5649568B-D4E4-43C3-BDE1-AC87053D5F40}.Debug|Any CPU.Build.0 = Debug|Any CPU
		{5649568B-D4E4-43C3-BDE1-AC87053D5F40}.Release|Any CPU.ActiveCfg = Release|Any CPU
		{5649568B-D4E4-43C3-BDE1-AC87053D5F40}.Release|Any CPU.Build.0 = Release|Any CPU
		{65C9A14B-6721-4BA2-A412-3A1991A9AD3A}.Debug|Any CPU.ActiveCfg = Debug|Any CPU
		{65C9A14B-6721-4BA2-A412-3A1991A9AD3A}.Debug|Any CPU.Build.0 = Debug|Any CPU
		{65C9A14B-6721-4BA2-A412-3A1991A9AD3A}.Release|Any CPU.ActiveCfg = Release|Any CPU
		{65C9A14B-6721-4BA2-A412-3A1991A9AD3A}.Release|Any CPU.Build.0 = Release|Any CPU
	EndGlobalSection
	GlobalSection(SolutionProperties) = preSolution
		HideSolutionNode = FALSE
	EndGlobalSection
	GlobalSection(ExtensibilityGlobals) = postSolution
		SolutionGuid = {D169B538-2BFE-4A09-AB26-E422D2B7CD5A}
	EndGlobalSection
EndGlobal
